
Microsoft Visual Studio Solution File, Format Version 12.00
# Visual Studio 15
VisualStudioVersion = 15.0.26124.0
MinimumVisualStudioVersion = 15.0.26124.0
Project("{2150E333-8FDC-42A3-9474-1A3956D46DE8}") = "samples", "samples", "{F6005428-9584-47DD-9B94-9E2B3CEA772C}"
EndProject
Project("{2150E333-8FDC-42A3-9474-1A3956D46DE8}") = "InMemory", "InMemory", "{1C4F46E6-4D54-43E9-A59B-29CF700B9C20}"
EndProject
Project("{9A19103F-16F7-4668-BE54-9A1E7A4F7556}") = "NetCoreConsoleApp", "samples\InMemory\NetCoreConsoleApp\NetCoreConsoleApp.csproj", "{4E18BF2E-5A96-4FF4-86D2-83220A2C2F6F}"
EndProject
Project("{9A19103F-16F7-4668-BE54-9A1E7A4F7556}") = "NetFxWindowsService", "samples\InMemory\NetFxWindowsService\NetFxWindowsService.csproj", "{9227E97E-72D4-448A-8E0A-4F32F1849166}"
EndProject
Project("{2150E333-8FDC-42A3-9474-1A3956D46DE8}") = "src", "src", "{B1E390CC-8CB2-4790-A822-1888DA020A8E}"
EndProject
Project("{2150E333-8FDC-42A3-9474-1A3956D46DE8}") = "engines", "engines", "{22CE8614-4057-44E0-8140-FFB46C642539}"
EndProject
Project("{9A19103F-16F7-4668-BE54-9A1E7A4F7556}") = "Nybus.Engine.RabbitMq", "src\engines\Nybus.Engine.RabbitMq\Nybus.Engine.RabbitMq.csproj", "{C13FA413-AC29-4194-A7AB-A39AB0D6607D}"
EndProject
Project("{9A19103F-16F7-4668-BE54-9A1E7A4F7556}") = "Nybus", "src\Nybus\Nybus.csproj", "{B2A13A51-20A1-4753-8F54-893461AA33EE}"
EndProject
Project("{9A19103F-16F7-4668-BE54-9A1E7A4F7556}") = "Nybus.Abstractions", "src\Nybus.Abstractions\Nybus.Abstractions.csproj", "{2E19BF37-C296-4CA8-9DC8-66A47D7A8652}"
EndProject
Project("{2150E333-8FDC-42A3-9474-1A3956D46DE8}") = "tests", "tests", "{3566B926-8E32-4B0D-8DC0-6DB1EB82D2CB}"
EndProject
Project("{9A19103F-16F7-4668-BE54-9A1E7A4F7556}") = "Tests.Nybus", "tests\Tests.Nybus\Tests.Nybus.csproj", "{34BE82CB-7AF6-46E8-8A20-90219260A55B}"
EndProject
Project("{9A19103F-16F7-4668-BE54-9A1E7A4F7556}") = "Tests.Nybus.Abstractions", "tests\Tests.Nybus.Abstractions\Tests.Nybus.Abstractions.csproj", "{D9A774DC-2733-457A-BBCB-AEE61601B8B9}"
EndProject
Project("{9A19103F-16F7-4668-BE54-9A1E7A4F7556}") = "Tests.Nybus.Engine.RabbitMq", "tests\Tests.Nybus.Engine.RabbitMq\Tests.Nybus.Engine.RabbitMq.csproj", "{DAE769CB-590C-44B2-8BA2-14DFEB47881E}"
EndProject
Project("{9A19103F-16F7-4668-BE54-9A1E7A4F7556}") = "Nybus.Engine.AWS", "src\engines\Nybus.Engine.AWS\Nybus.Engine.AWS.csproj", "{283BF936-C10A-4C8D-B002-A8C80A3D003D}"
EndProject
Project("{2150E333-8FDC-42A3-9474-1A3956D46DE8}") = "RabbitMQ", "RabbitMQ", "{18B7CFF6-C18A-48FF-ADB2-557333ABCD6D}"
EndProject
Project("{9A19103F-16F7-4668-BE54-9A1E7A4F7556}") = "PureSender", "samples\RabbitMQ\PureSender\PureSender.csproj", "{D088C7D6-4AE4-49A7-B91D-C9C07D71578D}"
EndProject
Project("{9A19103F-16F7-4668-BE54-9A1E7A4F7556}") = "ReceiverConfig", "samples\RabbitMQ\ReceiverConfig\ReceiverConfig.csproj", "{57431187-52FC-463A-B157-CEF0AAC4B2D1}"
EndProject
Project("{9A19103F-16F7-4668-BE54-9A1E7A4F7556}") = "ReceiverSetup", "samples\RabbitMQ\ReceiverSetup\ReceiverSetup.csproj", "{05B81794-040C-49B4-A248-C72558582953}"
EndProject
Project("{9A19103F-16F7-4668-BE54-9A1E7A4F7556}") = "SenderFeedback", "samples\RabbitMQ\SenderFeedback\SenderFeedback.csproj", "{E2016F0E-AEB0-4D33-9456-33DCCBD41F09}"
EndProject
Project("{9A19103F-16F7-4668-BE54-9A1E7A4F7556}") = "Types", "samples\RabbitMQ\Types\Types.csproj", "{5EADDCA9-0316-4596-85B1-6C91EDFE8460}"
EndProject
Project("{9A19103F-16F7-4668-BE54-9A1E7A4F7556}") = "TestUtils", "tests\TestUtils\TestUtils.csproj", "{6DAC88A4-9DCF-490B-81D3-B0AA72993EA4}"
EndProject
Project("{9A19103F-16F7-4668-BE54-9A1E7A4F7556}") = "Nybus.Engine.InMemory", "src\engines\Nybus.Engine.InMemory\Nybus.Engine.InMemory.csproj", "{C59D94B8-9869-4E12-B393-2645E9C38BF3}"
EndProject
Project("{9A19103F-16F7-4668-BE54-9A1E7A4F7556}") = "Tests.Nybus.Engine.InMemory", "tests\Tests.Nybus.Engine.InMemory\Tests.Nybus.Engine.InMemory.csproj", "{8AA01AE0-1F81-41E4-917C-682E22B645D2}"
EndProject
Project("{2150E333-8FDC-42A3-9474-1A3956D46DE8}") = "integration", "integration", "{DFE3C93F-B067-4F83-9964-5E8014007338}"
EndProject
Project("{9A19103F-16F7-4668-BE54-9A1E7A4F7556}") = "Tests.Integration.Nybus.Engine.InMemory", "tests\integration\Tests.Integration.Nybus.Engine.InMemory\Tests.Integration.Nybus.Engine.InMemory.csproj", "{B8998272-1E13-4FC0-BC5C-B012E85A2A78}"
EndProject
Project("{9A19103F-16F7-4668-BE54-9A1E7A4F7556}") = "Tests.Integration.Nybus.Engine.RabbitMq", "tests\integration\Tests.Integration.Nybus.Engine.RabbitMq\Tests.Integration.Nybus.Engine.RabbitMq.csproj", "{FBA8ABC5-9CDC-455D-9AA3-8249FC0F3A34}"
EndProject
Project("{9A19103F-16F7-4668-BE54-9A1E7A4F7556}") = "Tests.Nybus.Extensions.Hosting.HostedService", "tests\Tests.Nybus.Extensions.Hosting.HostedService\Tests.Nybus.Extensions.Hosting.HostedService.csproj", "{F2B59608-223F-43F0-9E57-3DAF01665B00}"
EndProject
Project("{2150E333-8FDC-42A3-9474-1A3956D46DE8}") = "extensions", "extensions", "{FE67922E-AF4A-44B0-8D49-BB1702C5FA60}"
EndProject
Project("{2150E333-8FDC-42A3-9474-1A3956D46DE8}") = "hosting", "hosting", "{D745AFE1-B1E6-47F2-B6FB-CAAF011F863E}"
EndProject
Project("{9A19103F-16F7-4668-BE54-9A1E7A4F7556}") = "Nybus.Extensions.Hosting.HostedService", "src\extensions\hosting\Nybus.Extensions.HostedService\Nybus.Extensions.Hosting.HostedService.csproj", "{E8A9484F-3CC5-4E45-AF2E-A4C9D7B1A397}"
EndProject
Global
	GlobalSection(SolutionConfigurationPlatforms) = preSolution
		Debug|Any CPU = Debug|Any CPU
		Debug|x64 = Debug|x64
		Debug|x86 = Debug|x86
		Release|Any CPU = Release|Any CPU
		Release|x64 = Release|x64
		Release|x86 = Release|x86
	EndGlobalSection
	GlobalSection(ProjectConfigurationPlatforms) = postSolution
		{4E18BF2E-5A96-4FF4-86D2-83220A2C2F6F}.Debug|Any CPU.ActiveCfg = Debug|Any CPU
		{4E18BF2E-5A96-4FF4-86D2-83220A2C2F6F}.Debug|Any CPU.Build.0 = Debug|Any CPU
		{4E18BF2E-5A96-4FF4-86D2-83220A2C2F6F}.Debug|x64.ActiveCfg = Debug|Any CPU
		{4E18BF2E-5A96-4FF4-86D2-83220A2C2F6F}.Debug|x64.Build.0 = Debug|Any CPU
		{4E18BF2E-5A96-4FF4-86D2-83220A2C2F6F}.Debug|x86.ActiveCfg = Debug|Any CPU
		{4E18BF2E-5A96-4FF4-86D2-83220A2C2F6F}.Debug|x86.Build.0 = Debug|Any CPU
		{4E18BF2E-5A96-4FF4-86D2-83220A2C2F6F}.Release|Any CPU.ActiveCfg = Release|Any CPU
		{4E18BF2E-5A96-4FF4-86D2-83220A2C2F6F}.Release|Any CPU.Build.0 = Release|Any CPU
		{4E18BF2E-5A96-4FF4-86D2-83220A2C2F6F}.Release|x64.ActiveCfg = Release|Any CPU
		{4E18BF2E-5A96-4FF4-86D2-83220A2C2F6F}.Release|x64.Build.0 = Release|Any CPU
		{4E18BF2E-5A96-4FF4-86D2-83220A2C2F6F}.Release|x86.ActiveCfg = Release|Any CPU
		{4E18BF2E-5A96-4FF4-86D2-83220A2C2F6F}.Release|x86.Build.0 = Release|Any CPU
		{9227E97E-72D4-448A-8E0A-4F32F1849166}.Debug|Any CPU.ActiveCfg = Debug|Any CPU
		{9227E97E-72D4-448A-8E0A-4F32F1849166}.Debug|Any CPU.Build.0 = Debug|Any CPU
		{9227E97E-72D4-448A-8E0A-4F32F1849166}.Debug|x64.ActiveCfg = Debug|Any CPU
		{9227E97E-72D4-448A-8E0A-4F32F1849166}.Debug|x64.Build.0 = Debug|Any CPU
		{9227E97E-72D4-448A-8E0A-4F32F1849166}.Debug|x86.ActiveCfg = Debug|Any CPU
		{9227E97E-72D4-448A-8E0A-4F32F1849166}.Debug|x86.Build.0 = Debug|Any CPU
		{9227E97E-72D4-448A-8E0A-4F32F1849166}.Release|Any CPU.ActiveCfg = Release|Any CPU
		{9227E97E-72D4-448A-8E0A-4F32F1849166}.Release|Any CPU.Build.0 = Release|Any CPU
		{9227E97E-72D4-448A-8E0A-4F32F1849166}.Release|x64.ActiveCfg = Release|Any CPU
		{9227E97E-72D4-448A-8E0A-4F32F1849166}.Release|x64.Build.0 = Release|Any CPU
		{9227E97E-72D4-448A-8E0A-4F32F1849166}.Release|x86.ActiveCfg = Release|Any CPU
		{9227E97E-72D4-448A-8E0A-4F32F1849166}.Release|x86.Build.0 = Release|Any CPU
		{C13FA413-AC29-4194-A7AB-A39AB0D6607D}.Debug|Any CPU.ActiveCfg = Debug|Any CPU
		{C13FA413-AC29-4194-A7AB-A39AB0D6607D}.Debug|Any CPU.Build.0 = Debug|Any CPU
		{C13FA413-AC29-4194-A7AB-A39AB0D6607D}.Debug|x64.ActiveCfg = Debug|Any CPU
		{C13FA413-AC29-4194-A7AB-A39AB0D6607D}.Debug|x64.Build.0 = Debug|Any CPU
		{C13FA413-AC29-4194-A7AB-A39AB0D6607D}.Debug|x86.ActiveCfg = Debug|Any CPU
		{C13FA413-AC29-4194-A7AB-A39AB0D6607D}.Debug|x86.Build.0 = Debug|Any CPU
		{C13FA413-AC29-4194-A7AB-A39AB0D6607D}.Release|Any CPU.ActiveCfg = Release|Any CPU
		{C13FA413-AC29-4194-A7AB-A39AB0D6607D}.Release|Any CPU.Build.0 = Release|Any CPU
		{C13FA413-AC29-4194-A7AB-A39AB0D6607D}.Release|x64.ActiveCfg = Release|Any CPU
		{C13FA413-AC29-4194-A7AB-A39AB0D6607D}.Release|x64.Build.0 = Release|Any CPU
		{C13FA413-AC29-4194-A7AB-A39AB0D6607D}.Release|x86.ActiveCfg = Release|Any CPU
		{C13FA413-AC29-4194-A7AB-A39AB0D6607D}.Release|x86.Build.0 = Release|Any CPU
		{B2A13A51-20A1-4753-8F54-893461AA33EE}.Debug|Any CPU.ActiveCfg = Debug|Any CPU
		{B2A13A51-20A1-4753-8F54-893461AA33EE}.Debug|Any CPU.Build.0 = Debug|Any CPU
		{B2A13A51-20A1-4753-8F54-893461AA33EE}.Debug|x64.ActiveCfg = Debug|Any CPU
		{B2A13A51-20A1-4753-8F54-893461AA33EE}.Debug|x64.Build.0 = Debug|Any CPU
		{B2A13A51-20A1-4753-8F54-893461AA33EE}.Debug|x86.ActiveCfg = Debug|Any CPU
		{B2A13A51-20A1-4753-8F54-893461AA33EE}.Debug|x86.Build.0 = Debug|Any CPU
		{B2A13A51-20A1-4753-8F54-893461AA33EE}.Release|Any CPU.ActiveCfg = Release|Any CPU
		{B2A13A51-20A1-4753-8F54-893461AA33EE}.Release|Any CPU.Build.0 = Release|Any CPU
		{B2A13A51-20A1-4753-8F54-893461AA33EE}.Release|x64.ActiveCfg = Release|Any CPU
		{B2A13A51-20A1-4753-8F54-893461AA33EE}.Release|x64.Build.0 = Release|Any CPU
		{B2A13A51-20A1-4753-8F54-893461AA33EE}.Release|x86.ActiveCfg = Release|Any CPU
		{B2A13A51-20A1-4753-8F54-893461AA33EE}.Release|x86.Build.0 = Release|Any CPU
		{2E19BF37-C296-4CA8-9DC8-66A47D7A8652}.Debug|Any CPU.ActiveCfg = Debug|Any CPU
		{2E19BF37-C296-4CA8-9DC8-66A47D7A8652}.Debug|Any CPU.Build.0 = Debug|Any CPU
		{2E19BF37-C296-4CA8-9DC8-66A47D7A8652}.Debug|x64.ActiveCfg = Debug|Any CPU
		{2E19BF37-C296-4CA8-9DC8-66A47D7A8652}.Debug|x64.Build.0 = Debug|Any CPU
		{2E19BF37-C296-4CA8-9DC8-66A47D7A8652}.Debug|x86.ActiveCfg = Debug|Any CPU
		{2E19BF37-C296-4CA8-9DC8-66A47D7A8652}.Debug|x86.Build.0 = Debug|Any CPU
		{2E19BF37-C296-4CA8-9DC8-66A47D7A8652}.Release|Any CPU.ActiveCfg = Release|Any CPU
		{2E19BF37-C296-4CA8-9DC8-66A47D7A8652}.Release|Any CPU.Build.0 = Release|Any CPU
		{2E19BF37-C296-4CA8-9DC8-66A47D7A8652}.Release|x64.ActiveCfg = Release|Any CPU
		{2E19BF37-C296-4CA8-9DC8-66A47D7A8652}.Release|x64.Build.0 = Release|Any CPU
		{2E19BF37-C296-4CA8-9DC8-66A47D7A8652}.Release|x86.ActiveCfg = Release|Any CPU
		{2E19BF37-C296-4CA8-9DC8-66A47D7A8652}.Release|x86.Build.0 = Release|Any CPU
		{34BE82CB-7AF6-46E8-8A20-90219260A55B}.Debug|Any CPU.ActiveCfg = Debug|Any CPU
		{34BE82CB-7AF6-46E8-8A20-90219260A55B}.Debug|Any CPU.Build.0 = Debug|Any CPU
		{34BE82CB-7AF6-46E8-8A20-90219260A55B}.Debug|x64.ActiveCfg = Debug|Any CPU
		{34BE82CB-7AF6-46E8-8A20-90219260A55B}.Debug|x64.Build.0 = Debug|Any CPU
		{34BE82CB-7AF6-46E8-8A20-90219260A55B}.Debug|x86.ActiveCfg = Debug|Any CPU
		{34BE82CB-7AF6-46E8-8A20-90219260A55B}.Debug|x86.Build.0 = Debug|Any CPU
		{34BE82CB-7AF6-46E8-8A20-90219260A55B}.Release|Any CPU.ActiveCfg = Release|Any CPU
		{34BE82CB-7AF6-46E8-8A20-90219260A55B}.Release|Any CPU.Build.0 = Release|Any CPU
		{34BE82CB-7AF6-46E8-8A20-90219260A55B}.Release|x64.ActiveCfg = Release|Any CPU
		{34BE82CB-7AF6-46E8-8A20-90219260A55B}.Release|x64.Build.0 = Release|Any CPU
		{34BE82CB-7AF6-46E8-8A20-90219260A55B}.Release|x86.ActiveCfg = Release|Any CPU
		{34BE82CB-7AF6-46E8-8A20-90219260A55B}.Release|x86.Build.0 = Release|Any CPU
		{D9A774DC-2733-457A-BBCB-AEE61601B8B9}.Debug|Any CPU.ActiveCfg = Debug|Any CPU
		{D9A774DC-2733-457A-BBCB-AEE61601B8B9}.Debug|Any CPU.Build.0 = Debug|Any CPU
		{D9A774DC-2733-457A-BBCB-AEE61601B8B9}.Debug|x64.ActiveCfg = Debug|Any CPU
		{D9A774DC-2733-457A-BBCB-AEE61601B8B9}.Debug|x64.Build.0 = Debug|Any CPU
		{D9A774DC-2733-457A-BBCB-AEE61601B8B9}.Debug|x86.ActiveCfg = Debug|Any CPU
		{D9A774DC-2733-457A-BBCB-AEE61601B8B9}.Debug|x86.Build.0 = Debug|Any CPU
		{D9A774DC-2733-457A-BBCB-AEE61601B8B9}.Release|Any CPU.ActiveCfg = Release|Any CPU
		{D9A774DC-2733-457A-BBCB-AEE61601B8B9}.Release|Any CPU.Build.0 = Release|Any CPU
		{D9A774DC-2733-457A-BBCB-AEE61601B8B9}.Release|x64.ActiveCfg = Release|Any CPU
		{D9A774DC-2733-457A-BBCB-AEE61601B8B9}.Release|x64.Build.0 = Release|Any CPU
		{D9A774DC-2733-457A-BBCB-AEE61601B8B9}.Release|x86.ActiveCfg = Release|Any CPU
		{D9A774DC-2733-457A-BBCB-AEE61601B8B9}.Release|x86.Build.0 = Release|Any CPU
		{DAE769CB-590C-44B2-8BA2-14DFEB47881E}.Debug|Any CPU.ActiveCfg = Debug|Any CPU
		{DAE769CB-590C-44B2-8BA2-14DFEB47881E}.Debug|Any CPU.Build.0 = Debug|Any CPU
		{DAE769CB-590C-44B2-8BA2-14DFEB47881E}.Debug|x64.ActiveCfg = Debug|Any CPU
		{DAE769CB-590C-44B2-8BA2-14DFEB47881E}.Debug|x64.Build.0 = Debug|Any CPU
		{DAE769CB-590C-44B2-8BA2-14DFEB47881E}.Debug|x86.ActiveCfg = Debug|Any CPU
		{DAE769CB-590C-44B2-8BA2-14DFEB47881E}.Debug|x86.Build.0 = Debug|Any CPU
		{DAE769CB-590C-44B2-8BA2-14DFEB47881E}.Release|Any CPU.ActiveCfg = Release|Any CPU
		{DAE769CB-590C-44B2-8BA2-14DFEB47881E}.Release|Any CPU.Build.0 = Release|Any CPU
		{DAE769CB-590C-44B2-8BA2-14DFEB47881E}.Release|x64.ActiveCfg = Release|Any CPU
		{DAE769CB-590C-44B2-8BA2-14DFEB47881E}.Release|x64.Build.0 = Release|Any CPU
		{DAE769CB-590C-44B2-8BA2-14DFEB47881E}.Release|x86.ActiveCfg = Release|Any CPU
		{DAE769CB-590C-44B2-8BA2-14DFEB47881E}.Release|x86.Build.0 = Release|Any CPU
		{283BF936-C10A-4C8D-B002-A8C80A3D003D}.Debug|Any CPU.ActiveCfg = Debug|Any CPU
		{283BF936-C10A-4C8D-B002-A8C80A3D003D}.Debug|Any CPU.Build.0 = Debug|Any CPU
		{283BF936-C10A-4C8D-B002-A8C80A3D003D}.Debug|x64.ActiveCfg = Debug|Any CPU
		{283BF936-C10A-4C8D-B002-A8C80A3D003D}.Debug|x64.Build.0 = Debug|Any CPU
		{283BF936-C10A-4C8D-B002-A8C80A3D003D}.Debug|x86.ActiveCfg = Debug|Any CPU
		{283BF936-C10A-4C8D-B002-A8C80A3D003D}.Debug|x86.Build.0 = Debug|Any CPU
		{283BF936-C10A-4C8D-B002-A8C80A3D003D}.Release|Any CPU.ActiveCfg = Release|Any CPU
		{283BF936-C10A-4C8D-B002-A8C80A3D003D}.Release|Any CPU.Build.0 = Release|Any CPU
		{283BF936-C10A-4C8D-B002-A8C80A3D003D}.Release|x64.ActiveCfg = Release|Any CPU
		{283BF936-C10A-4C8D-B002-A8C80A3D003D}.Release|x64.Build.0 = Release|Any CPU
		{283BF936-C10A-4C8D-B002-A8C80A3D003D}.Release|x86.ActiveCfg = Release|Any CPU
		{283BF936-C10A-4C8D-B002-A8C80A3D003D}.Release|x86.Build.0 = Release|Any CPU
		{D088C7D6-4AE4-49A7-B91D-C9C07D71578D}.Debug|Any CPU.ActiveCfg = Debug|Any CPU
		{D088C7D6-4AE4-49A7-B91D-C9C07D71578D}.Debug|Any CPU.Build.0 = Debug|Any CPU
		{D088C7D6-4AE4-49A7-B91D-C9C07D71578D}.Debug|x64.ActiveCfg = Debug|Any CPU
		{D088C7D6-4AE4-49A7-B91D-C9C07D71578D}.Debug|x64.Build.0 = Debug|Any CPU
		{D088C7D6-4AE4-49A7-B91D-C9C07D71578D}.Debug|x86.ActiveCfg = Debug|Any CPU
		{D088C7D6-4AE4-49A7-B91D-C9C07D71578D}.Debug|x86.Build.0 = Debug|Any CPU
		{D088C7D6-4AE4-49A7-B91D-C9C07D71578D}.Release|Any CPU.ActiveCfg = Release|Any CPU
		{D088C7D6-4AE4-49A7-B91D-C9C07D71578D}.Release|Any CPU.Build.0 = Release|Any CPU
		{D088C7D6-4AE4-49A7-B91D-C9C07D71578D}.Release|x64.ActiveCfg = Release|Any CPU
		{D088C7D6-4AE4-49A7-B91D-C9C07D71578D}.Release|x64.Build.0 = Release|Any CPU
		{D088C7D6-4AE4-49A7-B91D-C9C07D71578D}.Release|x86.ActiveCfg = Release|Any CPU
		{D088C7D6-4AE4-49A7-B91D-C9C07D71578D}.Release|x86.Build.0 = Release|Any CPU
		{57431187-52FC-463A-B157-CEF0AAC4B2D1}.Debug|Any CPU.ActiveCfg = Debug|Any CPU
		{57431187-52FC-463A-B157-CEF0AAC4B2D1}.Debug|Any CPU.Build.0 = Debug|Any CPU
		{57431187-52FC-463A-B157-CEF0AAC4B2D1}.Debug|x64.ActiveCfg = Debug|Any CPU
		{57431187-52FC-463A-B157-CEF0AAC4B2D1}.Debug|x64.Build.0 = Debug|Any CPU
		{57431187-52FC-463A-B157-CEF0AAC4B2D1}.Debug|x86.ActiveCfg = Debug|Any CPU
		{57431187-52FC-463A-B157-CEF0AAC4B2D1}.Debug|x86.Build.0 = Debug|Any CPU
		{57431187-52FC-463A-B157-CEF0AAC4B2D1}.Release|Any CPU.ActiveCfg = Release|Any CPU
		{57431187-52FC-463A-B157-CEF0AAC4B2D1}.Release|Any CPU.Build.0 = Release|Any CPU
		{57431187-52FC-463A-B157-CEF0AAC4B2D1}.Release|x64.ActiveCfg = Release|Any CPU
		{57431187-52FC-463A-B157-CEF0AAC4B2D1}.Release|x64.Build.0 = Release|Any CPU
		{57431187-52FC-463A-B157-CEF0AAC4B2D1}.Release|x86.ActiveCfg = Release|Any CPU
		{57431187-52FC-463A-B157-CEF0AAC4B2D1}.Release|x86.Build.0 = Release|Any CPU
		{05B81794-040C-49B4-A248-C72558582953}.Debug|Any CPU.ActiveCfg = Debug|Any CPU
		{05B81794-040C-49B4-A248-C72558582953}.Debug|Any CPU.Build.0 = Debug|Any CPU
		{05B81794-040C-49B4-A248-C72558582953}.Debug|x64.ActiveCfg = Debug|Any CPU
		{05B81794-040C-49B4-A248-C72558582953}.Debug|x64.Build.0 = Debug|Any CPU
		{05B81794-040C-49B4-A248-C72558582953}.Debug|x86.ActiveCfg = Debug|Any CPU
		{05B81794-040C-49B4-A248-C72558582953}.Debug|x86.Build.0 = Debug|Any CPU
		{05B81794-040C-49B4-A248-C72558582953}.Release|Any CPU.ActiveCfg = Release|Any CPU
		{05B81794-040C-49B4-A248-C72558582953}.Release|Any CPU.Build.0 = Release|Any CPU
		{05B81794-040C-49B4-A248-C72558582953}.Release|x64.ActiveCfg = Release|Any CPU
		{05B81794-040C-49B4-A248-C72558582953}.Release|x64.Build.0 = Release|Any CPU
		{05B81794-040C-49B4-A248-C72558582953}.Release|x86.ActiveCfg = Release|Any CPU
		{05B81794-040C-49B4-A248-C72558582953}.Release|x86.Build.0 = Release|Any CPU
		{E2016F0E-AEB0-4D33-9456-33DCCBD41F09}.Debug|Any CPU.ActiveCfg = Debug|Any CPU
		{E2016F0E-AEB0-4D33-9456-33DCCBD41F09}.Debug|Any CPU.Build.0 = Debug|Any CPU
		{E2016F0E-AEB0-4D33-9456-33DCCBD41F09}.Debug|x64.ActiveCfg = Debug|Any CPU
		{E2016F0E-AEB0-4D33-9456-33DCCBD41F09}.Debug|x64.Build.0 = Debug|Any CPU
		{E2016F0E-AEB0-4D33-9456-33DCCBD41F09}.Debug|x86.ActiveCfg = Debug|Any CPU
		{E2016F0E-AEB0-4D33-9456-33DCCBD41F09}.Debug|x86.Build.0 = Debug|Any CPU
		{E2016F0E-AEB0-4D33-9456-33DCCBD41F09}.Release|Any CPU.ActiveCfg = Release|Any CPU
		{E2016F0E-AEB0-4D33-9456-33DCCBD41F09}.Release|Any CPU.Build.0 = Release|Any CPU
		{E2016F0E-AEB0-4D33-9456-33DCCBD41F09}.Release|x64.ActiveCfg = Release|Any CPU
		{E2016F0E-AEB0-4D33-9456-33DCCBD41F09}.Release|x64.Build.0 = Release|Any CPU
		{E2016F0E-AEB0-4D33-9456-33DCCBD41F09}.Release|x86.ActiveCfg = Release|Any CPU
		{E2016F0E-AEB0-4D33-9456-33DCCBD41F09}.Release|x86.Build.0 = Release|Any CPU
		{5EADDCA9-0316-4596-85B1-6C91EDFE8460}.Debug|Any CPU.ActiveCfg = Debug|Any CPU
		{5EADDCA9-0316-4596-85B1-6C91EDFE8460}.Debug|Any CPU.Build.0 = Debug|Any CPU
		{5EADDCA9-0316-4596-85B1-6C91EDFE8460}.Debug|x64.ActiveCfg = Debug|Any CPU
		{5EADDCA9-0316-4596-85B1-6C91EDFE8460}.Debug|x64.Build.0 = Debug|Any CPU
		{5EADDCA9-0316-4596-85B1-6C91EDFE8460}.Debug|x86.ActiveCfg = Debug|Any CPU
		{5EADDCA9-0316-4596-85B1-6C91EDFE8460}.Debug|x86.Build.0 = Debug|Any CPU
		{5EADDCA9-0316-4596-85B1-6C91EDFE8460}.Release|Any CPU.ActiveCfg = Release|Any CPU
		{5EADDCA9-0316-4596-85B1-6C91EDFE8460}.Release|Any CPU.Build.0 = Release|Any CPU
		{5EADDCA9-0316-4596-85B1-6C91EDFE8460}.Release|x64.ActiveCfg = Release|Any CPU
		{5EADDCA9-0316-4596-85B1-6C91EDFE8460}.Release|x64.Build.0 = Release|Any CPU
		{5EADDCA9-0316-4596-85B1-6C91EDFE8460}.Release|x86.ActiveCfg = Release|Any CPU
		{5EADDCA9-0316-4596-85B1-6C91EDFE8460}.Release|x86.Build.0 = Release|Any CPU
		{6DAC88A4-9DCF-490B-81D3-B0AA72993EA4}.Debug|Any CPU.ActiveCfg = Debug|Any CPU
		{6DAC88A4-9DCF-490B-81D3-B0AA72993EA4}.Debug|Any CPU.Build.0 = Debug|Any CPU
		{6DAC88A4-9DCF-490B-81D3-B0AA72993EA4}.Debug|x64.ActiveCfg = Debug|Any CPU
		{6DAC88A4-9DCF-490B-81D3-B0AA72993EA4}.Debug|x64.Build.0 = Debug|Any CPU
		{6DAC88A4-9DCF-490B-81D3-B0AA72993EA4}.Debug|x86.ActiveCfg = Debug|Any CPU
		{6DAC88A4-9DCF-490B-81D3-B0AA72993EA4}.Debug|x86.Build.0 = Debug|Any CPU
		{6DAC88A4-9DCF-490B-81D3-B0AA72993EA4}.Release|Any CPU.ActiveCfg = Release|Any CPU
		{6DAC88A4-9DCF-490B-81D3-B0AA72993EA4}.Release|Any CPU.Build.0 = Release|Any CPU
		{6DAC88A4-9DCF-490B-81D3-B0AA72993EA4}.Release|x64.ActiveCfg = Release|Any CPU
		{6DAC88A4-9DCF-490B-81D3-B0AA72993EA4}.Release|x64.Build.0 = Release|Any CPU
		{6DAC88A4-9DCF-490B-81D3-B0AA72993EA4}.Release|x86.ActiveCfg = Release|Any CPU
		{6DAC88A4-9DCF-490B-81D3-B0AA72993EA4}.Release|x86.Build.0 = Release|Any CPU
		{C59D94B8-9869-4E12-B393-2645E9C38BF3}.Debug|Any CPU.ActiveCfg = Debug|Any CPU
		{C59D94B8-9869-4E12-B393-2645E9C38BF3}.Debug|Any CPU.Build.0 = Debug|Any CPU
		{C59D94B8-9869-4E12-B393-2645E9C38BF3}.Debug|x64.ActiveCfg = Debug|Any CPU
		{C59D94B8-9869-4E12-B393-2645E9C38BF3}.Debug|x64.Build.0 = Debug|Any CPU
		{C59D94B8-9869-4E12-B393-2645E9C38BF3}.Debug|x86.ActiveCfg = Debug|Any CPU
		{C59D94B8-9869-4E12-B393-2645E9C38BF3}.Debug|x86.Build.0 = Debug|Any CPU
		{C59D94B8-9869-4E12-B393-2645E9C38BF3}.Release|Any CPU.ActiveCfg = Release|Any CPU
		{C59D94B8-9869-4E12-B393-2645E9C38BF3}.Release|Any CPU.Build.0 = Release|Any CPU
		{C59D94B8-9869-4E12-B393-2645E9C38BF3}.Release|x64.ActiveCfg = Release|Any CPU
		{C59D94B8-9869-4E12-B393-2645E9C38BF3}.Release|x64.Build.0 = Release|Any CPU
		{C59D94B8-9869-4E12-B393-2645E9C38BF3}.Release|x86.ActiveCfg = Release|Any CPU
		{C59D94B8-9869-4E12-B393-2645E9C38BF3}.Release|x86.Build.0 = Release|Any CPU
		{8AA01AE0-1F81-41E4-917C-682E22B645D2}.Debug|Any CPU.ActiveCfg = Debug|Any CPU
		{8AA01AE0-1F81-41E4-917C-682E22B645D2}.Debug|Any CPU.Build.0 = Debug|Any CPU
		{8AA01AE0-1F81-41E4-917C-682E22B645D2}.Debug|x64.ActiveCfg = Debug|Any CPU
		{8AA01AE0-1F81-41E4-917C-682E22B645D2}.Debug|x64.Build.0 = Debug|Any CPU
		{8AA01AE0-1F81-41E4-917C-682E22B645D2}.Debug|x86.ActiveCfg = Debug|Any CPU
		{8AA01AE0-1F81-41E4-917C-682E22B645D2}.Debug|x86.Build.0 = Debug|Any CPU
		{8AA01AE0-1F81-41E4-917C-682E22B645D2}.Release|Any CPU.ActiveCfg = Release|Any CPU
		{8AA01AE0-1F81-41E4-917C-682E22B645D2}.Release|Any CPU.Build.0 = Release|Any CPU
		{8AA01AE0-1F81-41E4-917C-682E22B645D2}.Release|x64.ActiveCfg = Release|Any CPU
		{8AA01AE0-1F81-41E4-917C-682E22B645D2}.Release|x64.Build.0 = Release|Any CPU
		{8AA01AE0-1F81-41E4-917C-682E22B645D2}.Release|x86.ActiveCfg = Release|Any CPU
		{8AA01AE0-1F81-41E4-917C-682E22B645D2}.Release|x86.Build.0 = Release|Any CPU
		{B8998272-1E13-4FC0-BC5C-B012E85A2A78}.Debug|Any CPU.ActiveCfg = Debug|Any CPU
		{B8998272-1E13-4FC0-BC5C-B012E85A2A78}.Debug|Any CPU.Build.0 = Debug|Any CPU
		{B8998272-1E13-4FC0-BC5C-B012E85A2A78}.Debug|x64.ActiveCfg = Debug|Any CPU
		{B8998272-1E13-4FC0-BC5C-B012E85A2A78}.Debug|x64.Build.0 = Debug|Any CPU
		{B8998272-1E13-4FC0-BC5C-B012E85A2A78}.Debug|x86.ActiveCfg = Debug|Any CPU
		{B8998272-1E13-4FC0-BC5C-B012E85A2A78}.Debug|x86.Build.0 = Debug|Any CPU
		{B8998272-1E13-4FC0-BC5C-B012E85A2A78}.Release|Any CPU.ActiveCfg = Release|Any CPU
		{B8998272-1E13-4FC0-BC5C-B012E85A2A78}.Release|Any CPU.Build.0 = Release|Any CPU
		{B8998272-1E13-4FC0-BC5C-B012E85A2A78}.Release|x64.ActiveCfg = Release|Any CPU
		{B8998272-1E13-4FC0-BC5C-B012E85A2A78}.Release|x64.Build.0 = Release|Any CPU
		{B8998272-1E13-4FC0-BC5C-B012E85A2A78}.Release|x86.ActiveCfg = Release|Any CPU
		{B8998272-1E13-4FC0-BC5C-B012E85A2A78}.Release|x86.Build.0 = Release|Any CPU
		{FBA8ABC5-9CDC-455D-9AA3-8249FC0F3A34}.Debug|Any CPU.ActiveCfg = Debug|Any CPU
		{FBA8ABC5-9CDC-455D-9AA3-8249FC0F3A34}.Debug|Any CPU.Build.0 = Debug|Any CPU
		{FBA8ABC5-9CDC-455D-9AA3-8249FC0F3A34}.Debug|x64.ActiveCfg = Debug|Any CPU
		{FBA8ABC5-9CDC-455D-9AA3-8249FC0F3A34}.Debug|x64.Build.0 = Debug|Any CPU
		{FBA8ABC5-9CDC-455D-9AA3-8249FC0F3A34}.Debug|x86.ActiveCfg = Debug|Any CPU
		{FBA8ABC5-9CDC-455D-9AA3-8249FC0F3A34}.Debug|x86.Build.0 = Debug|Any CPU
		{FBA8ABC5-9CDC-455D-9AA3-8249FC0F3A34}.Release|Any CPU.ActiveCfg = Release|Any CPU
		{FBA8ABC5-9CDC-455D-9AA3-8249FC0F3A34}.Release|Any CPU.Build.0 = Release|Any CPU
		{FBA8ABC5-9CDC-455D-9AA3-8249FC0F3A34}.Release|x64.ActiveCfg = Release|Any CPU
		{FBA8ABC5-9CDC-455D-9AA3-8249FC0F3A34}.Release|x64.Build.0 = Release|Any CPU
		{FBA8ABC5-9CDC-455D-9AA3-8249FC0F3A34}.Release|x86.ActiveCfg = Release|Any CPU
		{FBA8ABC5-9CDC-455D-9AA3-8249FC0F3A34}.Release|x86.Build.0 = Release|Any CPU
		{F2B59608-223F-43F0-9E57-3DAF01665B00}.Debug|Any CPU.ActiveCfg = Debug|Any CPU
		{F2B59608-223F-43F0-9E57-3DAF01665B00}.Debug|Any CPU.Build.0 = Debug|Any CPU
		{F2B59608-223F-43F0-9E57-3DAF01665B00}.Debug|x64.ActiveCfg = Debug|Any CPU
		{F2B59608-223F-43F0-9E57-3DAF01665B00}.Debug|x64.Build.0 = Debug|Any CPU
		{F2B59608-223F-43F0-9E57-3DAF01665B00}.Debug|x86.ActiveCfg = Debug|Any CPU
		{F2B59608-223F-43F0-9E57-3DAF01665B00}.Debug|x86.Build.0 = Debug|Any CPU
		{F2B59608-223F-43F0-9E57-3DAF01665B00}.Release|Any CPU.ActiveCfg = Release|Any CPU
		{F2B59608-223F-43F0-9E57-3DAF01665B00}.Release|Any CPU.Build.0 = Release|Any CPU
		{F2B59608-223F-43F0-9E57-3DAF01665B00}.Release|x64.ActiveCfg = Release|Any CPU
		{F2B59608-223F-43F0-9E57-3DAF01665B00}.Release|x64.Build.0 = Release|Any CPU
		{F2B59608-223F-43F0-9E57-3DAF01665B00}.Release|x86.ActiveCfg = Release|Any CPU
		{F2B59608-223F-43F0-9E57-3DAF01665B00}.Release|x86.Build.0 = Release|Any CPU
		{E8A9484F-3CC5-4E45-AF2E-A4C9D7B1A397}.Debug|Any CPU.ActiveCfg = Debug|Any CPU
		{E8A9484F-3CC5-4E45-AF2E-A4C9D7B1A397}.Debug|Any CPU.Build.0 = Debug|Any CPU
		{E8A9484F-3CC5-4E45-AF2E-A4C9D7B1A397}.Debug|x64.ActiveCfg = Debug|Any CPU
		{E8A9484F-3CC5-4E45-AF2E-A4C9D7B1A397}.Debug|x64.Build.0 = Debug|Any CPU
		{E8A9484F-3CC5-4E45-AF2E-A4C9D7B1A397}.Debug|x86.ActiveCfg = Debug|Any CPU
		{E8A9484F-3CC5-4E45-AF2E-A4C9D7B1A397}.Debug|x86.Build.0 = Debug|Any CPU
		{E8A9484F-3CC5-4E45-AF2E-A4C9D7B1A397}.Release|Any CPU.ActiveCfg = Release|Any CPU
		{E8A9484F-3CC5-4E45-AF2E-A4C9D7B1A397}.Release|Any CPU.Build.0 = Release|Any CPU
		{E8A9484F-3CC5-4E45-AF2E-A4C9D7B1A397}.Release|x64.ActiveCfg = Release|Any CPU
		{E8A9484F-3CC5-4E45-AF2E-A4C9D7B1A397}.Release|x64.Build.0 = Release|Any CPU
		{E8A9484F-3CC5-4E45-AF2E-A4C9D7B1A397}.Release|x86.ActiveCfg = Release|Any CPU
		{E8A9484F-3CC5-4E45-AF2E-A4C9D7B1A397}.Release|x86.Build.0 = Release|Any CPU
	EndGlobalSection
	GlobalSection(SolutionProperties) = preSolution
		HideSolutionNode = FALSE
	EndGlobalSection
	GlobalSection(NestedProjects) = preSolution
		{1C4F46E6-4D54-43E9-A59B-29CF700B9C20} = {F6005428-9584-47DD-9B94-9E2B3CEA772C}
		{4E18BF2E-5A96-4FF4-86D2-83220A2C2F6F} = {1C4F46E6-4D54-43E9-A59B-29CF700B9C20}
		{9227E97E-72D4-448A-8E0A-4F32F1849166} = {1C4F46E6-4D54-43E9-A59B-29CF700B9C20}
		{22CE8614-4057-44E0-8140-FFB46C642539} = {B1E390CC-8CB2-4790-A822-1888DA020A8E}
		{C13FA413-AC29-4194-A7AB-A39AB0D6607D} = {22CE8614-4057-44E0-8140-FFB46C642539}
		{B2A13A51-20A1-4753-8F54-893461AA33EE} = {B1E390CC-8CB2-4790-A822-1888DA020A8E}
		{2E19BF37-C296-4CA8-9DC8-66A47D7A8652} = {B1E390CC-8CB2-4790-A822-1888DA020A8E}
		{34BE82CB-7AF6-46E8-8A20-90219260A55B} = {3566B926-8E32-4B0D-8DC0-6DB1EB82D2CB}
		{D9A774DC-2733-457A-BBCB-AEE61601B8B9} = {3566B926-8E32-4B0D-8DC0-6DB1EB82D2CB}
		{DAE769CB-590C-44B2-8BA2-14DFEB47881E} = {3566B926-8E32-4B0D-8DC0-6DB1EB82D2CB}
		{283BF936-C10A-4C8D-B002-A8C80A3D003D} = {22CE8614-4057-44E0-8140-FFB46C642539}
		{18B7CFF6-C18A-48FF-ADB2-557333ABCD6D} = {F6005428-9584-47DD-9B94-9E2B3CEA772C}
		{D088C7D6-4AE4-49A7-B91D-C9C07D71578D} = {18B7CFF6-C18A-48FF-ADB2-557333ABCD6D}
		{57431187-52FC-463A-B157-CEF0AAC4B2D1} = {18B7CFF6-C18A-48FF-ADB2-557333ABCD6D}
		{05B81794-040C-49B4-A248-C72558582953} = {18B7CFF6-C18A-48FF-ADB2-557333ABCD6D}
		{E2016F0E-AEB0-4D33-9456-33DCCBD41F09} = {18B7CFF6-C18A-48FF-ADB2-557333ABCD6D}
		{5EADDCA9-0316-4596-85B1-6C91EDFE8460} = {18B7CFF6-C18A-48FF-ADB2-557333ABCD6D}
		{6DAC88A4-9DCF-490B-81D3-B0AA72993EA4} = {3566B926-8E32-4B0D-8DC0-6DB1EB82D2CB}
		{C59D94B8-9869-4E12-B393-2645E9C38BF3} = {22CE8614-4057-44E0-8140-FFB46C642539}
		{8AA01AE0-1F81-41E4-917C-682E22B645D2} = {3566B926-8E32-4B0D-8DC0-6DB1EB82D2CB}
		{DFE3C93F-B067-4F83-9964-5E8014007338} = {3566B926-8E32-4B0D-8DC0-6DB1EB82D2CB}
		{B8998272-1E13-4FC0-BC5C-B012E85A2A78} = {DFE3C93F-B067-4F83-9964-5E8014007338}
		{FBA8ABC5-9CDC-455D-9AA3-8249FC0F3A34} = {DFE3C93F-B067-4F83-9964-5E8014007338}
		{F2B59608-223F-43F0-9E57-3DAF01665B00} = {3566B926-8E32-4B0D-8DC0-6DB1EB82D2CB}
		{FE67922E-AF4A-44B0-8D49-BB1702C5FA60} = {B1E390CC-8CB2-4790-A822-1888DA020A8E}
		{D745AFE1-B1E6-47F2-B6FB-CAAF011F863E} = {FE67922E-AF4A-44B0-8D49-BB1702C5FA60}
		{E8A9484F-3CC5-4E45-AF2E-A4C9D7B1A397} = {D745AFE1-B1E6-47F2-B6FB-CAAF011F863E}
	EndGlobalSection
	GlobalSection(ExtensibilityGlobals) = postSolution
		SolutionGuid = {087BE4A7-5329-4F83-84DF-7AA56A3944EE}
	EndGlobalSection
EndGlobal
