
Microsoft Visual Studio Solution File, Format Version 12.00
# Visual Studio 15
VisualStudioVersion = 15.0.26124.0
MinimumVisualStudioVersion = 15.0.26124.0
Project("{2150E333-8FDC-42A3-9474-1A3956D46DE8}") = "samples", "samples", "{79A9E4C6-B78D-406F-B1D5-6E9AA6085078}"
EndProject
Project("{2150E333-8FDC-42A3-9474-1A3956D46DE8}") = "InMemory", "InMemory", "{4999168F-4A72-4FAD-829A-9D99B6485948}"
EndProject
Project("{FAE04EC0-301F-11D3-BF4B-00C04F79EFBC}") = "NetCoreConsoleApp", "samples\InMemory\NetCoreConsoleApp\NetCoreConsoleApp.csproj", "{A0D6716E-DB74-4C5B-B8C4-30B76A6AB528}"
EndProject
Project("{FAE04EC0-301F-11D3-BF4B-00C04F79EFBC}") = "NetFxWindowsService", "samples\InMemory\NetFxWindowsService\NetFxWindowsService.csproj", "{EB6D7136-68FC-49D5-9BB9-77124F944E88}"
EndProject
Project("{2150E333-8FDC-42A3-9474-1A3956D46DE8}") = "RabbitMQ", "RabbitMQ", "{E9C508D3-BE04-4072-97B8-5C47D63060AC}"
EndProject
Project("{FAE04EC0-301F-11D3-BF4B-00C04F79EFBC}") = "Receiver", "samples\RabbitMQ\Receiver\Receiver.csproj", "{D3660DCE-0759-4C3F-BB36-A3F23CC71FAF}"
EndProject
Project("{FAE04EC0-301F-11D3-BF4B-00C04F79EFBC}") = "Sender", "samples\RabbitMQ\Sender\Sender.csproj", "{C499F59E-1A42-4F15-927F-AE46124AB324}"
EndProject
Project("{2150E333-8FDC-42A3-9474-1A3956D46DE8}") = "src", "src", "{E76431F6-F85A-49B7-BBBE-F2A200F9D540}"
EndProject
Project("{FAE04EC0-301F-11D3-BF4B-00C04F79EFBC}") = "Nybus", "src\Nybus\Nybus.csproj", "{737A92AC-F0F0-4160-8212-F4DCDB7C1AA7}"
EndProject
Project("{FAE04EC0-301F-11D3-BF4B-00C04F79EFBC}") = "Nybus.Abstractions", "src\Nybus.Abstractions\Nybus.Abstractions.csproj", "{74549224-1AE7-4F64-A87E-FC5EB93A84DD}"
EndProject
Project("{FAE04EC0-301F-11D3-BF4B-00C04F79EFBC}") = "Nybus.RabbitMq", "src\Nybus.RabbitMq\Nybus.RabbitMq.csproj", "{DFCDD765-B1F7-48BC-AE8A-2C85703CD640}"
EndProject
Project("{2150E333-8FDC-42A3-9474-1A3956D46DE8}") = "tests", "tests", "{DEDC0121-A58D-41CB-A5FB-FF1999852A89}"
EndProject
Project("{FAE04EC0-301F-11D3-BF4B-00C04F79EFBC}") = "Tests.Nybus", "tests\Tests.Nybus\Tests.Nybus.csproj", "{F4F3F0D2-927E-47C5-B5FC-572558A3389A}"
EndProject
Project("{FAE04EC0-301F-11D3-BF4B-00C04F79EFBC}") = "Tests.Nybus.Abstractions", "tests\Tests.Nybus.Abstractions\Tests.Nybus.Abstractions.csproj", "{70008F8A-CA1B-468D-9AA9-A59C7D34857F}"
EndProject
Project("{FAE04EC0-301F-11D3-BF4B-00C04F79EFBC}") = "Tests.Nybus.RabbitMq", "tests\Tests.Nybus.RabbitMq\Tests.Nybus.RabbitMq.csproj", "{39CC7277-D8A0-480C-86EA-68B8F5A392E7}"
EndProject
Global
	GlobalSection(SolutionConfigurationPlatforms) = preSolution
		Debug|Any CPU = Debug|Any CPU
		Debug|x64 = Debug|x64
		Debug|x86 = Debug|x86
		Release|Any CPU = Release|Any CPU
		Release|x64 = Release|x64
		Release|x86 = Release|x86
	EndGlobalSection
	GlobalSection(SolutionProperties) = preSolution
		HideSolutionNode = FALSE
	EndGlobalSection
	GlobalSection(ProjectConfigurationPlatforms) = postSolution
		{A0D6716E-DB74-4C5B-B8C4-30B76A6AB528}.Debug|Any CPU.ActiveCfg = Debug|Any CPU
		{A0D6716E-DB74-4C5B-B8C4-30B76A6AB528}.Debug|Any CPU.Build.0 = Debug|Any CPU
		{A0D6716E-DB74-4C5B-B8C4-30B76A6AB528}.Debug|x64.ActiveCfg = Debug|Any CPU
		{A0D6716E-DB74-4C5B-B8C4-30B76A6AB528}.Debug|x64.Build.0 = Debug|Any CPU
		{A0D6716E-DB74-4C5B-B8C4-30B76A6AB528}.Debug|x86.ActiveCfg = Debug|Any CPU
		{A0D6716E-DB74-4C5B-B8C4-30B76A6AB528}.Debug|x86.Build.0 = Debug|Any CPU
		{A0D6716E-DB74-4C5B-B8C4-30B76A6AB528}.Release|Any CPU.ActiveCfg = Release|Any CPU
		{A0D6716E-DB74-4C5B-B8C4-30B76A6AB528}.Release|Any CPU.Build.0 = Release|Any CPU
		{A0D6716E-DB74-4C5B-B8C4-30B76A6AB528}.Release|x64.ActiveCfg = Release|Any CPU
		{A0D6716E-DB74-4C5B-B8C4-30B76A6AB528}.Release|x64.Build.0 = Release|Any CPU
		{A0D6716E-DB74-4C5B-B8C4-30B76A6AB528}.Release|x86.ActiveCfg = Release|Any CPU
		{A0D6716E-DB74-4C5B-B8C4-30B76A6AB528}.Release|x86.Build.0 = Release|Any CPU
		{EB6D7136-68FC-49D5-9BB9-77124F944E88}.Debug|Any CPU.ActiveCfg = Debug|Any CPU
		{EB6D7136-68FC-49D5-9BB9-77124F944E88}.Debug|Any CPU.Build.0 = Debug|Any CPU
		{EB6D7136-68FC-49D5-9BB9-77124F944E88}.Debug|x64.ActiveCfg = Debug|Any CPU
		{EB6D7136-68FC-49D5-9BB9-77124F944E88}.Debug|x64.Build.0 = Debug|Any CPU
		{EB6D7136-68FC-49D5-9BB9-77124F944E88}.Debug|x86.ActiveCfg = Debug|Any CPU
		{EB6D7136-68FC-49D5-9BB9-77124F944E88}.Debug|x86.Build.0 = Debug|Any CPU
		{EB6D7136-68FC-49D5-9BB9-77124F944E88}.Release|Any CPU.ActiveCfg = Release|Any CPU
		{EB6D7136-68FC-49D5-9BB9-77124F944E88}.Release|Any CPU.Build.0 = Release|Any CPU
		{EB6D7136-68FC-49D5-9BB9-77124F944E88}.Release|x64.ActiveCfg = Release|Any CPU
		{EB6D7136-68FC-49D5-9BB9-77124F944E88}.Release|x64.Build.0 = Release|Any CPU
		{EB6D7136-68FC-49D5-9BB9-77124F944E88}.Release|x86.ActiveCfg = Release|Any CPU
		{EB6D7136-68FC-49D5-9BB9-77124F944E88}.Release|x86.Build.0 = Release|Any CPU
		{D3660DCE-0759-4C3F-BB36-A3F23CC71FAF}.Debug|Any CPU.ActiveCfg = Debug|Any CPU
		{D3660DCE-0759-4C3F-BB36-A3F23CC71FAF}.Debug|Any CPU.Build.0 = Debug|Any CPU
		{D3660DCE-0759-4C3F-BB36-A3F23CC71FAF}.Debug|x64.ActiveCfg = Debug|Any CPU
		{D3660DCE-0759-4C3F-BB36-A3F23CC71FAF}.Debug|x64.Build.0 = Debug|Any CPU
		{D3660DCE-0759-4C3F-BB36-A3F23CC71FAF}.Debug|x86.ActiveCfg = Debug|Any CPU
		{D3660DCE-0759-4C3F-BB36-A3F23CC71FAF}.Debug|x86.Build.0 = Debug|Any CPU
		{D3660DCE-0759-4C3F-BB36-A3F23CC71FAF}.Release|Any CPU.ActiveCfg = Release|Any CPU
		{D3660DCE-0759-4C3F-BB36-A3F23CC71FAF}.Release|Any CPU.Build.0 = Release|Any CPU
		{D3660DCE-0759-4C3F-BB36-A3F23CC71FAF}.Release|x64.ActiveCfg = Release|Any CPU
		{D3660DCE-0759-4C3F-BB36-A3F23CC71FAF}.Release|x64.Build.0 = Release|Any CPU
		{D3660DCE-0759-4C3F-BB36-A3F23CC71FAF}.Release|x86.ActiveCfg = Release|Any CPU
		{D3660DCE-0759-4C3F-BB36-A3F23CC71FAF}.Release|x86.Build.0 = Release|Any CPU
		{C499F59E-1A42-4F15-927F-AE46124AB324}.Debug|Any CPU.ActiveCfg = Debug|Any CPU
		{C499F59E-1A42-4F15-927F-AE46124AB324}.Debug|Any CPU.Build.0 = Debug|Any CPU
		{C499F59E-1A42-4F15-927F-AE46124AB324}.Debug|x64.ActiveCfg = Debug|Any CPU
		{C499F59E-1A42-4F15-927F-AE46124AB324}.Debug|x64.Build.0 = Debug|Any CPU
		{C499F59E-1A42-4F15-927F-AE46124AB324}.Debug|x86.ActiveCfg = Debug|Any CPU
		{C499F59E-1A42-4F15-927F-AE46124AB324}.Debug|x86.Build.0 = Debug|Any CPU
		{C499F59E-1A42-4F15-927F-AE46124AB324}.Release|Any CPU.ActiveCfg = Release|Any CPU
		{C499F59E-1A42-4F15-927F-AE46124AB324}.Release|Any CPU.Build.0 = Release|Any CPU
		{C499F59E-1A42-4F15-927F-AE46124AB324}.Release|x64.ActiveCfg = Release|Any CPU
		{C499F59E-1A42-4F15-927F-AE46124AB324}.Release|x64.Build.0 = Release|Any CPU
		{C499F59E-1A42-4F15-927F-AE46124AB324}.Release|x86.ActiveCfg = Release|Any CPU
		{C499F59E-1A42-4F15-927F-AE46124AB324}.Release|x86.Build.0 = Release|Any CPU
		{737A92AC-F0F0-4160-8212-F4DCDB7C1AA7}.Debug|Any CPU.ActiveCfg = Debug|Any CPU
		{737A92AC-F0F0-4160-8212-F4DCDB7C1AA7}.Debug|Any CPU.Build.0 = Debug|Any CPU
		{737A92AC-F0F0-4160-8212-F4DCDB7C1AA7}.Debug|x64.ActiveCfg = Debug|Any CPU
		{737A92AC-F0F0-4160-8212-F4DCDB7C1AA7}.Debug|x64.Build.0 = Debug|Any CPU
		{737A92AC-F0F0-4160-8212-F4DCDB7C1AA7}.Debug|x86.ActiveCfg = Debug|Any CPU
		{737A92AC-F0F0-4160-8212-F4DCDB7C1AA7}.Debug|x86.Build.0 = Debug|Any CPU
		{737A92AC-F0F0-4160-8212-F4DCDB7C1AA7}.Release|Any CPU.ActiveCfg = Release|Any CPU
		{737A92AC-F0F0-4160-8212-F4DCDB7C1AA7}.Release|Any CPU.Build.0 = Release|Any CPU
		{737A92AC-F0F0-4160-8212-F4DCDB7C1AA7}.Release|x64.ActiveCfg = Release|Any CPU
		{737A92AC-F0F0-4160-8212-F4DCDB7C1AA7}.Release|x64.Build.0 = Release|Any CPU
		{737A92AC-F0F0-4160-8212-F4DCDB7C1AA7}.Release|x86.ActiveCfg = Release|Any CPU
		{737A92AC-F0F0-4160-8212-F4DCDB7C1AA7}.Release|x86.Build.0 = Release|Any CPU
		{74549224-1AE7-4F64-A87E-FC5EB93A84DD}.Debug|Any CPU.ActiveCfg = Debug|Any CPU
		{74549224-1AE7-4F64-A87E-FC5EB93A84DD}.Debug|Any CPU.Build.0 = Debug|Any CPU
		{74549224-1AE7-4F64-A87E-FC5EB93A84DD}.Debug|x64.ActiveCfg = Debug|Any CPU
		{74549224-1AE7-4F64-A87E-FC5EB93A84DD}.Debug|x64.Build.0 = Debug|Any CPU
		{74549224-1AE7-4F64-A87E-FC5EB93A84DD}.Debug|x86.ActiveCfg = Debug|Any CPU
		{74549224-1AE7-4F64-A87E-FC5EB93A84DD}.Debug|x86.Build.0 = Debug|Any CPU
		{74549224-1AE7-4F64-A87E-FC5EB93A84DD}.Release|Any CPU.ActiveCfg = Release|Any CPU
		{74549224-1AE7-4F64-A87E-FC5EB93A84DD}.Release|Any CPU.Build.0 = Release|Any CPU
		{74549224-1AE7-4F64-A87E-FC5EB93A84DD}.Release|x64.ActiveCfg = Release|Any CPU
		{74549224-1AE7-4F64-A87E-FC5EB93A84DD}.Release|x64.Build.0 = Release|Any CPU
		{74549224-1AE7-4F64-A87E-FC5EB93A84DD}.Release|x86.ActiveCfg = Release|Any CPU
		{74549224-1AE7-4F64-A87E-FC5EB93A84DD}.Release|x86.Build.0 = Release|Any CPU
		{DFCDD765-B1F7-48BC-AE8A-2C85703CD640}.Debug|Any CPU.ActiveCfg = Debug|Any CPU
		{DFCDD765-B1F7-48BC-AE8A-2C85703CD640}.Debug|Any CPU.Build.0 = Debug|Any CPU
		{DFCDD765-B1F7-48BC-AE8A-2C85703CD640}.Debug|x64.ActiveCfg = Debug|Any CPU
		{DFCDD765-B1F7-48BC-AE8A-2C85703CD640}.Debug|x64.Build.0 = Debug|Any CPU
		{DFCDD765-B1F7-48BC-AE8A-2C85703CD640}.Debug|x86.ActiveCfg = Debug|Any CPU
		{DFCDD765-B1F7-48BC-AE8A-2C85703CD640}.Debug|x86.Build.0 = Debug|Any CPU
		{DFCDD765-B1F7-48BC-AE8A-2C85703CD640}.Release|Any CPU.ActiveCfg = Release|Any CPU
		{DFCDD765-B1F7-48BC-AE8A-2C85703CD640}.Release|Any CPU.Build.0 = Release|Any CPU
		{DFCDD765-B1F7-48BC-AE8A-2C85703CD640}.Release|x64.ActiveCfg = Release|Any CPU
		{DFCDD765-B1F7-48BC-AE8A-2C85703CD640}.Release|x64.Build.0 = Release|Any CPU
		{DFCDD765-B1F7-48BC-AE8A-2C85703CD640}.Release|x86.ActiveCfg = Release|Any CPU
		{DFCDD765-B1F7-48BC-AE8A-2C85703CD640}.Release|x86.Build.0 = Release|Any CPU
		{F4F3F0D2-927E-47C5-B5FC-572558A3389A}.Debug|Any CPU.ActiveCfg = Debug|Any CPU
		{F4F3F0D2-927E-47C5-B5FC-572558A3389A}.Debug|Any CPU.Build.0 = Debug|Any CPU
		{F4F3F0D2-927E-47C5-B5FC-572558A3389A}.Debug|x64.ActiveCfg = Debug|Any CPU
		{F4F3F0D2-927E-47C5-B5FC-572558A3389A}.Debug|x64.Build.0 = Debug|Any CPU
		{F4F3F0D2-927E-47C5-B5FC-572558A3389A}.Debug|x86.ActiveCfg = Debug|Any CPU
		{F4F3F0D2-927E-47C5-B5FC-572558A3389A}.Debug|x86.Build.0 = Debug|Any CPU
		{F4F3F0D2-927E-47C5-B5FC-572558A3389A}.Release|Any CPU.ActiveCfg = Release|Any CPU
		{F4F3F0D2-927E-47C5-B5FC-572558A3389A}.Release|Any CPU.Build.0 = Release|Any CPU
		{F4F3F0D2-927E-47C5-B5FC-572558A3389A}.Release|x64.ActiveCfg = Release|Any CPU
		{F4F3F0D2-927E-47C5-B5FC-572558A3389A}.Release|x64.Build.0 = Release|Any CPU
		{F4F3F0D2-927E-47C5-B5FC-572558A3389A}.Release|x86.ActiveCfg = Release|Any CPU
		{F4F3F0D2-927E-47C5-B5FC-572558A3389A}.Release|x86.Build.0 = Release|Any CPU
		{70008F8A-CA1B-468D-9AA9-A59C7D34857F}.Debug|Any CPU.ActiveCfg = Debug|Any CPU
		{70008F8A-CA1B-468D-9AA9-A59C7D34857F}.Debug|Any CPU.Build.0 = Debug|Any CPU
		{70008F8A-CA1B-468D-9AA9-A59C7D34857F}.Debug|x64.ActiveCfg = Debug|Any CPU
		{70008F8A-CA1B-468D-9AA9-A59C7D34857F}.Debug|x64.Build.0 = Debug|Any CPU
		{70008F8A-CA1B-468D-9AA9-A59C7D34857F}.Debug|x86.ActiveCfg = Debug|Any CPU
		{70008F8A-CA1B-468D-9AA9-A59C7D34857F}.Debug|x86.Build.0 = Debug|Any CPU
		{70008F8A-CA1B-468D-9AA9-A59C7D34857F}.Release|Any CPU.ActiveCfg = Release|Any CPU
		{70008F8A-CA1B-468D-9AA9-A59C7D34857F}.Release|Any CPU.Build.0 = Release|Any CPU
		{70008F8A-CA1B-468D-9AA9-A59C7D34857F}.Release|x64.ActiveCfg = Release|Any CPU
		{70008F8A-CA1B-468D-9AA9-A59C7D34857F}.Release|x64.Build.0 = Release|Any CPU
		{70008F8A-CA1B-468D-9AA9-A59C7D34857F}.Release|x86.ActiveCfg = Release|Any CPU
		{70008F8A-CA1B-468D-9AA9-A59C7D34857F}.Release|x86.Build.0 = Release|Any CPU
		{39CC7277-D8A0-480C-86EA-68B8F5A392E7}.Debug|Any CPU.ActiveCfg = Debug|Any CPU
		{39CC7277-D8A0-480C-86EA-68B8F5A392E7}.Debug|Any CPU.Build.0 = Debug|Any CPU
		{39CC7277-D8A0-480C-86EA-68B8F5A392E7}.Debug|x64.ActiveCfg = Debug|Any CPU
		{39CC7277-D8A0-480C-86EA-68B8F5A392E7}.Debug|x64.Build.0 = Debug|Any CPU
		{39CC7277-D8A0-480C-86EA-68B8F5A392E7}.Debug|x86.ActiveCfg = Debug|Any CPU
		{39CC7277-D8A0-480C-86EA-68B8F5A392E7}.Debug|x86.Build.0 = Debug|Any CPU
		{39CC7277-D8A0-480C-86EA-68B8F5A392E7}.Release|Any CPU.ActiveCfg = Release|Any CPU
		{39CC7277-D8A0-480C-86EA-68B8F5A392E7}.Release|Any CPU.Build.0 = Release|Any CPU
		{39CC7277-D8A0-480C-86EA-68B8F5A392E7}.Release|x64.ActiveCfg = Release|Any CPU
		{39CC7277-D8A0-480C-86EA-68B8F5A392E7}.Release|x64.Build.0 = Release|Any CPU
		{39CC7277-D8A0-480C-86EA-68B8F5A392E7}.Release|x86.ActiveCfg = Release|Any CPU
		{39CC7277-D8A0-480C-86EA-68B8F5A392E7}.Release|x86.Build.0 = Release|Any CPU
	EndGlobalSection
	GlobalSection(NestedProjects) = preSolution
		{4999168F-4A72-4FAD-829A-9D99B6485948} = {79A9E4C6-B78D-406F-B1D5-6E9AA6085078}
		{A0D6716E-DB74-4C5B-B8C4-30B76A6AB528} = {4999168F-4A72-4FAD-829A-9D99B6485948}
		{EB6D7136-68FC-49D5-9BB9-77124F944E88} = {4999168F-4A72-4FAD-829A-9D99B6485948}
		{E9C508D3-BE04-4072-97B8-5C47D63060AC} = {79A9E4C6-B78D-406F-B1D5-6E9AA6085078}
		{D3660DCE-0759-4C3F-BB36-A3F23CC71FAF} = {E9C508D3-BE04-4072-97B8-5C47D63060AC}
		{C499F59E-1A42-4F15-927F-AE46124AB324} = {E9C508D3-BE04-4072-97B8-5C47D63060AC}
		{737A92AC-F0F0-4160-8212-F4DCDB7C1AA7} = {E76431F6-F85A-49B7-BBBE-F2A200F9D540}
		{74549224-1AE7-4F64-A87E-FC5EB93A84DD} = {E76431F6-F85A-49B7-BBBE-F2A200F9D540}
		{DFCDD765-B1F7-48BC-AE8A-2C85703CD640} = {E76431F6-F85A-49B7-BBBE-F2A200F9D540}
		{F4F3F0D2-927E-47C5-B5FC-572558A3389A} = {DEDC0121-A58D-41CB-A5FB-FF1999852A89}
		{70008F8A-CA1B-468D-9AA9-A59C7D34857F} = {DEDC0121-A58D-41CB-A5FB-FF1999852A89}
		{39CC7277-D8A0-480C-86EA-68B8F5A392E7} = {DEDC0121-A58D-41CB-A5FB-FF1999852A89}
	EndGlobalSection
EndGlobal
