
Microsoft Visual Studio Solution File, Format Version 12.00
# Visual Studio 14
VisualStudioVersion = 14.0.23107.0
MinimumVisualStudioVersion = 10.0.40219.1
Project("{FAE04EC0-301F-11D3-BF4B-00C04F79EFBC}") = "NLogSampleApp", "NLogSampleApp\NLogSampleApp.csproj", "{50C2CE87-AB25-434E-9D51-0E0359362ED4}"
EndProject
Global
	GlobalSection(SolutionConfigurationPlatforms) = preSolution
		Debug|Any CPU = Debug|Any CPU
		Release|Any CPU = Release|Any CPU
	EndGlobalSection
	GlobalSection(ProjectConfigurationPlatforms) = postSolution
		{50C2CE87-AB25-434E-9D51-0E0359362ED4}.Debug|Any CPU.ActiveCfg = Debug|Any CPU
		{50C2CE87-AB25-434E-9D51-0E0359362ED4}.Debug|Any CPU.Build.0 = Debug|Any CPU
		{50C2CE87-AB25-434E-9D51-0E0359362ED4}.Release|Any CPU.ActiveCfg = Release|Any CPU
		{50C2CE87-AB25-434E-9D51-0E0359362ED4}.Release|Any CPU.Build.0 = Release|Any CPU
	EndGlobalSection
	GlobalSection(SolutionProperties) = preSolution
		HideSolutionNode = FALSE
	EndGlobalSection
EndGlobal
